
Microsoft Visual Studio Solution File, Format Version 12.00
# Visual Studio Version 17
VisualStudioVersion = 17.1.32210.238
MinimumVisualStudioVersion = 10.0.40219.1
Project("{FAE04EC0-301F-11D3-BF4B-00C04F79EFBC}") = "button", "button.csproj", "{9F33B0EE-BFE0-4B01-8780-8D6ABCDFFFDC}"
EndProject
Global
	GlobalSection(SolutionConfigurationPlatforms) = preSolution
		Debug|ARM64 = Debug|ARM64
		Release|ARM64 = Release|ARM64
	EndGlobalSection
	GlobalSection(ProjectConfigurationPlatforms) = postSolution
		{9F33B0EE-BFE0-4B01-8780-8D6ABCDFFFDC}.Debug|ARM64.ActiveCfg = Debug|ARM64
		{9F33B0EE-BFE0-4B01-8780-8D6ABCDFFFDC}.Debug|ARM64.Build.0 = Debug|ARM64
		{9F33B0EE-BFE0-4B01-8780-8D6ABCDFFFDC}.Release|ARM64.ActiveCfg = Release|ARM64
		{9F33B0EE-BFE0-4B01-8780-8D6ABCDFFFDC}.Release|ARM64.Build.0 = Release|ARM64
	EndGlobalSection
	GlobalSection(SolutionProperties) = preSolution
		HideSolutionNode = FALSE
	EndGlobalSection
	GlobalSection(ExtensibilityGlobals) = postSolution
		SolutionGuid = {0FCAA67C-D4D1-4558-BECA-D7C416853251}
	EndGlobalSection
EndGlobal
