
Microsoft Visual Studio Solution File, Format Version 12.00
# Visual Studio Version 17
VisualStudioVersion = 17.0.32126.317
MinimumVisualStudioVersion = 10.0.40219.1
Project("{9A19103F-16F7-4668-BE54-9A1E7A4F7556}") = "Sharpi", "Sharpi\Sharpi.csproj", "{C5693CF0-140E-4795-AB43-AFB4F7091767}"
EndProject
Project("{2150E333-8FDC-42A3-9474-1A3956D46DE8}") = "Solution Items", "Solution Items", "{FF57136F-5A72-425D-8781-803C9A6FF80C}"
	ProjectSection(SolutionItems) = preProject
		NuGet.md = NuGet.md
		README.md = README.md
	EndProjectSection
EndProject
Project("{2150E333-8FDC-42A3-9474-1A3956D46DE8}") = "Examples", "Examples", "{ACA550CE-3A24-417B-8AF8-CC7759B7DE22}"
	ProjectSection(SolutionItems) = preProject
		Examples\README.md = Examples\README.md
	EndProjectSection
EndProject
Project("{9A19103F-16F7-4668-BE54-9A1E7A4F7556}") = "buzzerpassive", "Examples\buzzerpassive\buzzerpassive.csproj", "{DE0EAA45-23B9-4A0F-855A-E6C8B1168A77}"
EndProject
Project("{9A19103F-16F7-4668-BE54-9A1E7A4F7556}") = "button", "Examples\button\button.csproj", "{4D2F191B-5112-4247-AEEA-57124CDD9DEE}"
EndProject
Project("{9A19103F-16F7-4668-BE54-9A1E7A4F7556}") = "test", "test\test.csproj", "{5EDA8335-9A5B-41E3-BE27-A95A8FD402C9}"
EndProject
Project("{9A19103F-16F7-4668-BE54-9A1E7A4F7556}") = "displaydrm", "Examples\displaydrm\displaydrm.csproj", "{6FE8AE9B-C416-4984-BB2B-34AFDC057C59}"
EndProject
Project("{9A19103F-16F7-4668-BE54-9A1E7A4F7556}") = "displaysh1106", "Examples\displaysh1106\displaysh1106.csproj", "{6E7A7D8F-64DF-4BC0-B63F-2C8C73C63F12}"
EndProject
Project("{2150E333-8FDC-42A3-9474-1A3956D46DE8}") = "Circuits", "Circuits", "{B00EBE66-C089-40E0-8F32-FD9C84FCA039}"
	ProjectSection(SolutionItems) = preProject
		Circuits\dcvoltagesense.svg = Circuits\dcvoltagesense.svg
		Circuits\dcvoltagesense.txt = Circuits\dcvoltagesense.txt
		Circuits\README.md = Circuits\README.md
	EndProjectSection
EndProject
Global
	GlobalSection(SolutionConfigurationPlatforms) = preSolution
		Debug|ARM64 = Debug|ARM64
		Release|ARM64 = Release|ARM64
	EndGlobalSection
	GlobalSection(ProjectConfigurationPlatforms) = postSolution
		{C5693CF0-140E-4795-AB43-AFB4F7091767}.Debug|ARM64.ActiveCfg = Debug|ARM64
		{C5693CF0-140E-4795-AB43-AFB4F7091767}.Debug|ARM64.Build.0 = Debug|ARM64
		{C5693CF0-140E-4795-AB43-AFB4F7091767}.Release|ARM64.ActiveCfg = Debug|ARM64
		{C5693CF0-140E-4795-AB43-AFB4F7091767}.Release|ARM64.Build.0 = Debug|ARM64
		{DE0EAA45-23B9-4A0F-855A-E6C8B1168A77}.Debug|ARM64.ActiveCfg = Debug|ARM64
		{DE0EAA45-23B9-4A0F-855A-E6C8B1168A77}.Debug|ARM64.Build.0 = Debug|ARM64
		{DE0EAA45-23B9-4A0F-855A-E6C8B1168A77}.Release|ARM64.ActiveCfg = Release|ARM64
		{DE0EAA45-23B9-4A0F-855A-E6C8B1168A77}.Release|ARM64.Build.0 = Release|ARM64
		{4D2F191B-5112-4247-AEEA-57124CDD9DEE}.Debug|ARM64.ActiveCfg = Debug|ARM64
		{4D2F191B-5112-4247-AEEA-57124CDD9DEE}.Debug|ARM64.Build.0 = Debug|ARM64
		{4D2F191B-5112-4247-AEEA-57124CDD9DEE}.Release|ARM64.ActiveCfg = Release|ARM64
		{4D2F191B-5112-4247-AEEA-57124CDD9DEE}.Release|ARM64.Build.0 = Release|ARM64
		{5EDA8335-9A5B-41E3-BE27-A95A8FD402C9}.Debug|ARM64.ActiveCfg = Debug|ARM64
		{5EDA8335-9A5B-41E3-BE27-A95A8FD402C9}.Debug|ARM64.Build.0 = Debug|ARM64
		{5EDA8335-9A5B-41E3-BE27-A95A8FD402C9}.Release|ARM64.ActiveCfg = Release|ARM64
		{5EDA8335-9A5B-41E3-BE27-A95A8FD402C9}.Release|ARM64.Build.0 = Release|ARM64
		{6FE8AE9B-C416-4984-BB2B-34AFDC057C59}.Debug|ARM64.ActiveCfg = Debug|ARM64
		{6FE8AE9B-C416-4984-BB2B-34AFDC057C59}.Debug|ARM64.Build.0 = Debug|ARM64
		{6FE8AE9B-C416-4984-BB2B-34AFDC057C59}.Release|ARM64.ActiveCfg = Release|ARM64
		{6FE8AE9B-C416-4984-BB2B-34AFDC057C59}.Release|ARM64.Build.0 = Release|ARM64
		{6E7A7D8F-64DF-4BC0-B63F-2C8C73C63F12}.Debug|ARM64.ActiveCfg = Debug|ARM64
		{6E7A7D8F-64DF-4BC0-B63F-2C8C73C63F12}.Debug|ARM64.Build.0 = Debug|ARM64
		{6E7A7D8F-64DF-4BC0-B63F-2C8C73C63F12}.Release|ARM64.ActiveCfg = Release|ARM64
		{6E7A7D8F-64DF-4BC0-B63F-2C8C73C63F12}.Release|ARM64.Build.0 = Release|ARM64
	EndGlobalSection
	GlobalSection(SolutionProperties) = preSolution
		HideSolutionNode = FALSE
	EndGlobalSection
	GlobalSection(NestedProjects) = preSolution
		{DE0EAA45-23B9-4A0F-855A-E6C8B1168A77} = {ACA550CE-3A24-417B-8AF8-CC7759B7DE22}
		{4D2F191B-5112-4247-AEEA-57124CDD9DEE} = {ACA550CE-3A24-417B-8AF8-CC7759B7DE22}
		{6FE8AE9B-C416-4984-BB2B-34AFDC057C59} = {ACA550CE-3A24-417B-8AF8-CC7759B7DE22}
		{6E7A7D8F-64DF-4BC0-B63F-2C8C73C63F12} = {ACA550CE-3A24-417B-8AF8-CC7759B7DE22}
	EndGlobalSection
	GlobalSection(ExtensibilityGlobals) = postSolution
		SolutionGuid = {118CEC9A-4943-44E5-80AA-420632CBFDF8}
	EndGlobalSection
EndGlobal
