
Microsoft Visual Studio Solution File, Format Version 12.00
# Visual Studio Version 17
VisualStudioVersion = 17.1.32210.238
MinimumVisualStudioVersion = 10.0.40219.1
Project("{FAE04EC0-301F-11D3-BF4B-00C04F79EFBC}") = "CheckVersionPublished", "CheckVersionPublished.csproj", "{CBCD3F57-35B6-4A97-8576-BD9AB673F94D}"
EndProject
Global
	GlobalSection(SolutionConfigurationPlatforms) = preSolution
		Debug|Any CPU = Debug|Any CPU
		Release|Any CPU = Release|Any CPU
	EndGlobalSection
	GlobalSection(ProjectConfigurationPlatforms) = postSolution
		{CBCD3F57-35B6-4A97-8576-BD9AB673F94D}.Debug|Any CPU.ActiveCfg = Debug|Any CPU
		{CBCD3F57-35B6-4A97-8576-BD9AB673F94D}.Debug|Any CPU.Build.0 = Debug|Any CPU
		{CBCD3F57-35B6-4A97-8576-BD9AB673F94D}.Release|Any CPU.ActiveCfg = Release|Any CPU
		{CBCD3F57-35B6-4A97-8576-BD9AB673F94D}.Release|Any CPU.Build.0 = Release|Any CPU
	EndGlobalSection
	GlobalSection(SolutionProperties) = preSolution
		HideSolutionNode = FALSE
	EndGlobalSection
	GlobalSection(ExtensibilityGlobals) = postSolution
		SolutionGuid = {70EDD076-9B85-4C34-BF88-B831A0DC2E56}
	EndGlobalSection
EndGlobal
